
Microsoft Visual Studio Solution File, Format Version 12.00
# Visual Studio Version 17
VisualStudioVersion = 17.7.34009.444
MinimumVisualStudioVersion = 10.0.40219.1
Project("{FAE04EC0-301F-11D3-BF4B-00C04F79EFBC}") = "TanuDapper", "TanuDapper\TanuDapper.csproj", "{C068A8E8-AB18-4C0B-BBD7-925BB8150CD9}"
EndProject
Global
	GlobalSection(SolutionConfigurationPlatforms) = preSolution
		Debug|Any CPU = Debug|Any CPU
		Release|Any CPU = Release|Any CPU
	EndGlobalSection
	GlobalSection(ProjectConfigurationPlatforms) = postSolution
		{C068A8E8-AB18-4C0B-BBD7-925BB8150CD9}.Debug|Any CPU.ActiveCfg = Debug|Any CPU
		{C068A8E8-AB18-4C0B-BBD7-925BB8150CD9}.Debug|Any CPU.Build.0 = Debug|Any CPU
		{C068A8E8-AB18-4C0B-BBD7-925BB8150CD9}.Release|Any CPU.ActiveCfg = Release|Any CPU
		{C068A8E8-AB18-4C0B-BBD7-925BB8150CD9}.Release|Any CPU.Build.0 = Release|Any CPU
	EndGlobalSection
	GlobalSection(SolutionProperties) = preSolution
		HideSolutionNode = FALSE
	EndGlobalSection
	GlobalSection(ExtensibilityGlobals) = postSolution
		SolutionGuid = {CFD7DEC6-30E8-47AC-96C0-0B969360DF96}
	EndGlobalSection
EndGlobal
